
Microsoft Visual Studio Solution File, Format Version 12.00
# Visual Studio 15
VisualStudioVersion = 15.0.26730.16
MinimumVisualStudioVersion = 10.0.40219.1
Project("{FAE04EC0-301F-11D3-BF4B-00C04F79EFBC}") = "Produccion.Android", "Produccion\Produccion.Android\Produccion.Android.csproj", "{A6C6AE8D-D9F0-4F93-8F0C-20F7A082D197}"
EndProject
Project("{FAE04EC0-301F-11D3-BF4B-00C04F79EFBC}") = "Produccion", "Produccion\Produccion\Produccion.csproj", "{B33EBA60-6A13-405D-BF52-62C1A31D7A53}"
EndProject
Project("{FAE04EC0-301F-11D3-BF4B-00C04F79EFBC}") = "Produccion.UWP", "Produccion\Produccion.UWP\Produccion.UWP.csproj", "{782A5D64-7F68-436A-A254-77BA92E570BF}"
EndProject
Project("{FAE04EC0-301F-11D3-BF4B-00C04F79EFBC}") = "Produccion.iOS", "Produccion\Produccion.iOS\Produccion.iOS.csproj", "{FAF65C4F-2C2E-46DF-817B-959007C0873E}"
EndProject
Project("{FAE04EC0-301F-11D3-BF4B-00C04F79EFBC}") = "Produccion.Domain", "Produccion.Domain\Produccion.Domain.csproj", "{972604C9-3D6C-4D68-957F-5F7443DDD459}"
EndProject
Project("{FAE04EC0-301F-11D3-BF4B-00C04F79EFBC}") = "Produccion.Backend", "Produccion.Backend\Produccion.Backend.csproj", "{599DDFEF-DB39-4C67-A899-95F9AE227FF3}"
EndProject
Project("{FAE04EC0-301F-11D3-BF4B-00C04F79EFBC}") = "Produccion.Api", "Produccion.Api\Produccion.Api.csproj", "{96F3ED12-E5C6-4E2C-899F-ECC8F0296FDF}"
EndProject
Global
	GlobalSection(SolutionConfigurationPlatforms) = preSolution
		Ad-Hoc|Any CPU = Ad-Hoc|Any CPU
		Ad-Hoc|ARM = Ad-Hoc|ARM
		Ad-Hoc|iPhone = Ad-Hoc|iPhone
		Ad-Hoc|iPhoneSimulator = Ad-Hoc|iPhoneSimulator
		Ad-Hoc|x64 = Ad-Hoc|x64
		Ad-Hoc|x86 = Ad-Hoc|x86
		AppStore|Any CPU = AppStore|Any CPU
		AppStore|ARM = AppStore|ARM
		AppStore|iPhone = AppStore|iPhone
		AppStore|iPhoneSimulator = AppStore|iPhoneSimulator
		AppStore|x64 = AppStore|x64
		AppStore|x86 = AppStore|x86
		Debug|Any CPU = Debug|Any CPU
		Debug|ARM = Debug|ARM
		Debug|iPhone = Debug|iPhone
		Debug|iPhoneSimulator = Debug|iPhoneSimulator
		Debug|x64 = Debug|x64
		Debug|x86 = Debug|x86
		Release|Any CPU = Release|Any CPU
		Release|ARM = Release|ARM
		Release|iPhone = Release|iPhone
		Release|iPhoneSimulator = Release|iPhoneSimulator
		Release|x64 = Release|x64
		Release|x86 = Release|x86
	EndGlobalSection
	GlobalSection(ProjectConfigurationPlatforms) = postSolution
		{A6C6AE8D-D9F0-4F93-8F0C-20F7A082D197}.Ad-Hoc|Any CPU.ActiveCfg = Release|Any CPU
		{A6C6AE8D-D9F0-4F93-8F0C-20F7A082D197}.Ad-Hoc|Any CPU.Build.0 = Release|Any CPU
		{A6C6AE8D-D9F0-4F93-8F0C-20F7A082D197}.Ad-Hoc|Any CPU.Deploy.0 = Release|Any CPU
		{A6C6AE8D-D9F0-4F93-8F0C-20F7A082D197}.Ad-Hoc|ARM.ActiveCfg = Release|Any CPU
		{A6C6AE8D-D9F0-4F93-8F0C-20F7A082D197}.Ad-Hoc|ARM.Build.0 = Release|Any CPU
		{A6C6AE8D-D9F0-4F93-8F0C-20F7A082D197}.Ad-Hoc|ARM.Deploy.0 = Release|Any CPU
		{A6C6AE8D-D9F0-4F93-8F0C-20F7A082D197}.Ad-Hoc|iPhone.ActiveCfg = Release|Any CPU
		{A6C6AE8D-D9F0-4F93-8F0C-20F7A082D197}.Ad-Hoc|iPhone.Build.0 = Release|Any CPU
		{A6C6AE8D-D9F0-4F93-8F0C-20F7A082D197}.Ad-Hoc|iPhone.Deploy.0 = Release|Any CPU
		{A6C6AE8D-D9F0-4F93-8F0C-20F7A082D197}.Ad-Hoc|iPhoneSimulator.ActiveCfg = Release|Any CPU
		{A6C6AE8D-D9F0-4F93-8F0C-20F7A082D197}.Ad-Hoc|iPhoneSimulator.Build.0 = Release|Any CPU
		{A6C6AE8D-D9F0-4F93-8F0C-20F7A082D197}.Ad-Hoc|iPhoneSimulator.Deploy.0 = Release|Any CPU
		{A6C6AE8D-D9F0-4F93-8F0C-20F7A082D197}.Ad-Hoc|x64.ActiveCfg = Release|Any CPU
		{A6C6AE8D-D9F0-4F93-8F0C-20F7A082D197}.Ad-Hoc|x64.Build.0 = Release|Any CPU
		{A6C6AE8D-D9F0-4F93-8F0C-20F7A082D197}.Ad-Hoc|x64.Deploy.0 = Release|Any CPU
		{A6C6AE8D-D9F0-4F93-8F0C-20F7A082D197}.Ad-Hoc|x86.ActiveCfg = Release|Any CPU
		{A6C6AE8D-D9F0-4F93-8F0C-20F7A082D197}.Ad-Hoc|x86.Build.0 = Release|Any CPU
		{A6C6AE8D-D9F0-4F93-8F0C-20F7A082D197}.Ad-Hoc|x86.Deploy.0 = Release|Any CPU
		{A6C6AE8D-D9F0-4F93-8F0C-20F7A082D197}.AppStore|Any CPU.ActiveCfg = Release|Any CPU
		{A6C6AE8D-D9F0-4F93-8F0C-20F7A082D197}.AppStore|Any CPU.Build.0 = Release|Any CPU
		{A6C6AE8D-D9F0-4F93-8F0C-20F7A082D197}.AppStore|Any CPU.Deploy.0 = Release|Any CPU
		{A6C6AE8D-D9F0-4F93-8F0C-20F7A082D197}.AppStore|ARM.ActiveCfg = Release|Any CPU
		{A6C6AE8D-D9F0-4F93-8F0C-20F7A082D197}.AppStore|ARM.Build.0 = Release|Any CPU
		{A6C6AE8D-D9F0-4F93-8F0C-20F7A082D197}.AppStore|ARM.Deploy.0 = Release|Any CPU
		{A6C6AE8D-D9F0-4F93-8F0C-20F7A082D197}.AppStore|iPhone.ActiveCfg = Release|Any CPU
		{A6C6AE8D-D9F0-4F93-8F0C-20F7A082D197}.AppStore|iPhone.Build.0 = Release|Any CPU
		{A6C6AE8D-D9F0-4F93-8F0C-20F7A082D197}.AppStore|iPhone.Deploy.0 = Release|Any CPU
		{A6C6AE8D-D9F0-4F93-8F0C-20F7A082D197}.AppStore|iPhoneSimulator.ActiveCfg = Release|Any CPU
		{A6C6AE8D-D9F0-4F93-8F0C-20F7A082D197}.AppStore|iPhoneSimulator.Build.0 = Release|Any CPU
		{A6C6AE8D-D9F0-4F93-8F0C-20F7A082D197}.AppStore|iPhoneSimulator.Deploy.0 = Release|Any CPU
		{A6C6AE8D-D9F0-4F93-8F0C-20F7A082D197}.AppStore|x64.ActiveCfg = Release|Any CPU
		{A6C6AE8D-D9F0-4F93-8F0C-20F7A082D197}.AppStore|x64.Build.0 = Release|Any CPU
		{A6C6AE8D-D9F0-4F93-8F0C-20F7A082D197}.AppStore|x64.Deploy.0 = Release|Any CPU
		{A6C6AE8D-D9F0-4F93-8F0C-20F7A082D197}.AppStore|x86.ActiveCfg = Release|Any CPU
		{A6C6AE8D-D9F0-4F93-8F0C-20F7A082D197}.AppStore|x86.Build.0 = Release|Any CPU
		{A6C6AE8D-D9F0-4F93-8F0C-20F7A082D197}.AppStore|x86.Deploy.0 = Release|Any CPU
		{A6C6AE8D-D9F0-4F93-8F0C-20F7A082D197}.Debug|Any CPU.ActiveCfg = Debug|Any CPU
		{A6C6AE8D-D9F0-4F93-8F0C-20F7A082D197}.Debug|Any CPU.Build.0 = Debug|Any CPU
		{A6C6AE8D-D9F0-4F93-8F0C-20F7A082D197}.Debug|Any CPU.Deploy.0 = Debug|Any CPU
		{A6C6AE8D-D9F0-4F93-8F0C-20F7A082D197}.Debug|ARM.ActiveCfg = Debug|Any CPU
		{A6C6AE8D-D9F0-4F93-8F0C-20F7A082D197}.Debug|ARM.Build.0 = Debug|Any CPU
		{A6C6AE8D-D9F0-4F93-8F0C-20F7A082D197}.Debug|ARM.Deploy.0 = Debug|Any CPU
		{A6C6AE8D-D9F0-4F93-8F0C-20F7A082D197}.Debug|iPhone.ActiveCfg = Debug|Any CPU
		{A6C6AE8D-D9F0-4F93-8F0C-20F7A082D197}.Debug|iPhone.Build.0 = Debug|Any CPU
		{A6C6AE8D-D9F0-4F93-8F0C-20F7A082D197}.Debug|iPhone.Deploy.0 = Debug|Any CPU
		{A6C6AE8D-D9F0-4F93-8F0C-20F7A082D197}.Debug|iPhoneSimulator.ActiveCfg = Debug|Any CPU
		{A6C6AE8D-D9F0-4F93-8F0C-20F7A082D197}.Debug|iPhoneSimulator.Build.0 = Debug|Any CPU
		{A6C6AE8D-D9F0-4F93-8F0C-20F7A082D197}.Debug|iPhoneSimulator.Deploy.0 = Debug|Any CPU
		{A6C6AE8D-D9F0-4F93-8F0C-20F7A082D197}.Debug|x64.ActiveCfg = Debug|Any CPU
		{A6C6AE8D-D9F0-4F93-8F0C-20F7A082D197}.Debug|x64.Build.0 = Debug|Any CPU
		{A6C6AE8D-D9F0-4F93-8F0C-20F7A082D197}.Debug|x64.Deploy.0 = Debug|Any CPU
		{A6C6AE8D-D9F0-4F93-8F0C-20F7A082D197}.Debug|x86.ActiveCfg = Debug|Any CPU
		{A6C6AE8D-D9F0-4F93-8F0C-20F7A082D197}.Debug|x86.Build.0 = Debug|Any CPU
		{A6C6AE8D-D9F0-4F93-8F0C-20F7A082D197}.Debug|x86.Deploy.0 = Debug|Any CPU
		{A6C6AE8D-D9F0-4F93-8F0C-20F7A082D197}.Release|Any CPU.ActiveCfg = Release|Any CPU
		{A6C6AE8D-D9F0-4F93-8F0C-20F7A082D197}.Release|Any CPU.Build.0 = Release|Any CPU
		{A6C6AE8D-D9F0-4F93-8F0C-20F7A082D197}.Release|Any CPU.Deploy.0 = Release|Any CPU
		{A6C6AE8D-D9F0-4F93-8F0C-20F7A082D197}.Release|ARM.ActiveCfg = Release|Any CPU
		{A6C6AE8D-D9F0-4F93-8F0C-20F7A082D197}.Release|ARM.Build.0 = Release|Any CPU
		{A6C6AE8D-D9F0-4F93-8F0C-20F7A082D197}.Release|ARM.Deploy.0 = Release|Any CPU
		{A6C6AE8D-D9F0-4F93-8F0C-20F7A082D197}.Release|iPhone.ActiveCfg = Release|Any CPU
		{A6C6AE8D-D9F0-4F93-8F0C-20F7A082D197}.Release|iPhone.Build.0 = Release|Any CPU
		{A6C6AE8D-D9F0-4F93-8F0C-20F7A082D197}.Release|iPhone.Deploy.0 = Release|Any CPU
		{A6C6AE8D-D9F0-4F93-8F0C-20F7A082D197}.Release|iPhoneSimulator.ActiveCfg = Release|Any CPU
		{A6C6AE8D-D9F0-4F93-8F0C-20F7A082D197}.Release|iPhoneSimulator.Build.0 = Release|Any CPU
		{A6C6AE8D-D9F0-4F93-8F0C-20F7A082D197}.Release|iPhoneSimulator.Deploy.0 = Release|Any CPU
		{A6C6AE8D-D9F0-4F93-8F0C-20F7A082D197}.Release|x64.ActiveCfg = Release|Any CPU
		{A6C6AE8D-D9F0-4F93-8F0C-20F7A082D197}.Release|x64.Build.0 = Release|Any CPU
		{A6C6AE8D-D9F0-4F93-8F0C-20F7A082D197}.Release|x64.Deploy.0 = Release|Any CPU
		{A6C6AE8D-D9F0-4F93-8F0C-20F7A082D197}.Release|x86.ActiveCfg = Release|Any CPU
		{A6C6AE8D-D9F0-4F93-8F0C-20F7A082D197}.Release|x86.Build.0 = Release|Any CPU
		{A6C6AE8D-D9F0-4F93-8F0C-20F7A082D197}.Release|x86.Deploy.0 = Release|Any CPU
		{B33EBA60-6A13-405D-BF52-62C1A31D7A53}.Ad-Hoc|Any CPU.ActiveCfg = Release|Any CPU
		{B33EBA60-6A13-405D-BF52-62C1A31D7A53}.Ad-Hoc|Any CPU.Build.0 = Release|Any CPU
		{B33EBA60-6A13-405D-BF52-62C1A31D7A53}.Ad-Hoc|ARM.ActiveCfg = Release|Any CPU
		{B33EBA60-6A13-405D-BF52-62C1A31D7A53}.Ad-Hoc|ARM.Build.0 = Release|Any CPU
		{B33EBA60-6A13-405D-BF52-62C1A31D7A53}.Ad-Hoc|iPhone.ActiveCfg = Release|Any CPU
		{B33EBA60-6A13-405D-BF52-62C1A31D7A53}.Ad-Hoc|iPhone.Build.0 = Release|Any CPU
		{B33EBA60-6A13-405D-BF52-62C1A31D7A53}.Ad-Hoc|iPhoneSimulator.ActiveCfg = Release|Any CPU
		{B33EBA60-6A13-405D-BF52-62C1A31D7A53}.Ad-Hoc|iPhoneSimulator.Build.0 = Release|Any CPU
		{B33EBA60-6A13-405D-BF52-62C1A31D7A53}.Ad-Hoc|x64.ActiveCfg = Release|Any CPU
		{B33EBA60-6A13-405D-BF52-62C1A31D7A53}.Ad-Hoc|x64.Build.0 = Release|Any CPU
		{B33EBA60-6A13-405D-BF52-62C1A31D7A53}.Ad-Hoc|x86.ActiveCfg = Release|Any CPU
		{B33EBA60-6A13-405D-BF52-62C1A31D7A53}.Ad-Hoc|x86.Build.0 = Release|Any CPU
		{B33EBA60-6A13-405D-BF52-62C1A31D7A53}.AppStore|Any CPU.ActiveCfg = Release|Any CPU
		{B33EBA60-6A13-405D-BF52-62C1A31D7A53}.AppStore|Any CPU.Build.0 = Release|Any CPU
		{B33EBA60-6A13-405D-BF52-62C1A31D7A53}.AppStore|ARM.ActiveCfg = Release|Any CPU
		{B33EBA60-6A13-405D-BF52-62C1A31D7A53}.AppStore|ARM.Build.0 = Release|Any CPU
		{B33EBA60-6A13-405D-BF52-62C1A31D7A53}.AppStore|iPhone.ActiveCfg = Release|Any CPU
		{B33EBA60-6A13-405D-BF52-62C1A31D7A53}.AppStore|iPhone.Build.0 = Release|Any CPU
		{B33EBA60-6A13-405D-BF52-62C1A31D7A53}.AppStore|iPhoneSimulator.ActiveCfg = Release|Any CPU
		{B33EBA60-6A13-405D-BF52-62C1A31D7A53}.AppStore|iPhoneSimulator.Build.0 = Release|Any CPU
		{B33EBA60-6A13-405D-BF52-62C1A31D7A53}.AppStore|x64.ActiveCfg = Release|Any CPU
		{B33EBA60-6A13-405D-BF52-62C1A31D7A53}.AppStore|x64.Build.0 = Release|Any CPU
		{B33EBA60-6A13-405D-BF52-62C1A31D7A53}.AppStore|x86.ActiveCfg = Release|Any CPU
		{B33EBA60-6A13-405D-BF52-62C1A31D7A53}.AppStore|x86.Build.0 = Release|Any CPU
		{B33EBA60-6A13-405D-BF52-62C1A31D7A53}.Debug|Any CPU.ActiveCfg = Debug|Any CPU
		{B33EBA60-6A13-405D-BF52-62C1A31D7A53}.Debug|Any CPU.Build.0 = Debug|Any CPU
		{B33EBA60-6A13-405D-BF52-62C1A31D7A53}.Debug|ARM.ActiveCfg = Debug|Any CPU
		{B33EBA60-6A13-405D-BF52-62C1A31D7A53}.Debug|ARM.Build.0 = Debug|Any CPU
		{B33EBA60-6A13-405D-BF52-62C1A31D7A53}.Debug|iPhone.ActiveCfg = Debug|Any CPU
		{B33EBA60-6A13-405D-BF52-62C1A31D7A53}.Debug|iPhone.Build.0 = Debug|Any CPU
		{B33EBA60-6A13-405D-BF52-62C1A31D7A53}.Debug|iPhoneSimulator.ActiveCfg = Debug|Any CPU
		{B33EBA60-6A13-405D-BF52-62C1A31D7A53}.Debug|iPhoneSimulator.Build.0 = Debug|Any CPU
		{B33EBA60-6A13-405D-BF52-62C1A31D7A53}.Debug|x64.ActiveCfg = Debug|Any CPU
		{B33EBA60-6A13-405D-BF52-62C1A31D7A53}.Debug|x64.Build.0 = Debug|Any CPU
		{B33EBA60-6A13-405D-BF52-62C1A31D7A53}.Debug|x86.ActiveCfg = Debug|Any CPU
		{B33EBA60-6A13-405D-BF52-62C1A31D7A53}.Debug|x86.Build.0 = Debug|Any CPU
		{B33EBA60-6A13-405D-BF52-62C1A31D7A53}.Release|Any CPU.ActiveCfg = Release|Any CPU
		{B33EBA60-6A13-405D-BF52-62C1A31D7A53}.Release|Any CPU.Build.0 = Release|Any CPU
		{B33EBA60-6A13-405D-BF52-62C1A31D7A53}.Release|ARM.ActiveCfg = Release|Any CPU
		{B33EBA60-6A13-405D-BF52-62C1A31D7A53}.Release|ARM.Build.0 = Release|Any CPU
		{B33EBA60-6A13-405D-BF52-62C1A31D7A53}.Release|iPhone.ActiveCfg = Release|Any CPU
		{B33EBA60-6A13-405D-BF52-62C1A31D7A53}.Release|iPhone.Build.0 = Release|Any CPU
		{B33EBA60-6A13-405D-BF52-62C1A31D7A53}.Release|iPhoneSimulator.ActiveCfg = Release|Any CPU
		{B33EBA60-6A13-405D-BF52-62C1A31D7A53}.Release|iPhoneSimulator.Build.0 = Release|Any CPU
		{B33EBA60-6A13-405D-BF52-62C1A31D7A53}.Release|x64.ActiveCfg = Release|Any CPU
		{B33EBA60-6A13-405D-BF52-62C1A31D7A53}.Release|x64.Build.0 = Release|Any CPU
		{B33EBA60-6A13-405D-BF52-62C1A31D7A53}.Release|x86.ActiveCfg = Release|Any CPU
		{B33EBA60-6A13-405D-BF52-62C1A31D7A53}.Release|x86.Build.0 = Release|Any CPU
		{782A5D64-7F68-436A-A254-77BA92E570BF}.Ad-Hoc|Any CPU.ActiveCfg = Release|x86
		{782A5D64-7F68-436A-A254-77BA92E570BF}.Ad-Hoc|Any CPU.Build.0 = Release|x86
		{782A5D64-7F68-436A-A254-77BA92E570BF}.Ad-Hoc|Any CPU.Deploy.0 = Release|x86
		{782A5D64-7F68-436A-A254-77BA92E570BF}.Ad-Hoc|ARM.ActiveCfg = Release|ARM
		{782A5D64-7F68-436A-A254-77BA92E570BF}.Ad-Hoc|ARM.Build.0 = Release|ARM
		{782A5D64-7F68-436A-A254-77BA92E570BF}.Ad-Hoc|ARM.Deploy.0 = Release|ARM
		{782A5D64-7F68-436A-A254-77BA92E570BF}.Ad-Hoc|iPhone.ActiveCfg = Release|x86
		{782A5D64-7F68-436A-A254-77BA92E570BF}.Ad-Hoc|iPhone.Build.0 = Release|x86
		{782A5D64-7F68-436A-A254-77BA92E570BF}.Ad-Hoc|iPhone.Deploy.0 = Release|x86
		{782A5D64-7F68-436A-A254-77BA92E570BF}.Ad-Hoc|iPhoneSimulator.ActiveCfg = Release|x86
		{782A5D64-7F68-436A-A254-77BA92E570BF}.Ad-Hoc|iPhoneSimulator.Build.0 = Release|x86
		{782A5D64-7F68-436A-A254-77BA92E570BF}.Ad-Hoc|iPhoneSimulator.Deploy.0 = Release|x86
		{782A5D64-7F68-436A-A254-77BA92E570BF}.Ad-Hoc|x64.ActiveCfg = Release|x64
		{782A5D64-7F68-436A-A254-77BA92E570BF}.Ad-Hoc|x64.Build.0 = Release|x64
		{782A5D64-7F68-436A-A254-77BA92E570BF}.Ad-Hoc|x64.Deploy.0 = Release|x64
		{782A5D64-7F68-436A-A254-77BA92E570BF}.Ad-Hoc|x86.ActiveCfg = Release|x86
		{782A5D64-7F68-436A-A254-77BA92E570BF}.Ad-Hoc|x86.Build.0 = Release|x86
		{782A5D64-7F68-436A-A254-77BA92E570BF}.Ad-Hoc|x86.Deploy.0 = Release|x86
		{782A5D64-7F68-436A-A254-77BA92E570BF}.AppStore|Any CPU.ActiveCfg = Release|x86
		{782A5D64-7F68-436A-A254-77BA92E570BF}.AppStore|Any CPU.Build.0 = Release|x86
		{782A5D64-7F68-436A-A254-77BA92E570BF}.AppStore|Any CPU.Deploy.0 = Release|x86
		{782A5D64-7F68-436A-A254-77BA92E570BF}.AppStore|ARM.ActiveCfg = Release|ARM
		{782A5D64-7F68-436A-A254-77BA92E570BF}.AppStore|ARM.Build.0 = Release|ARM
		{782A5D64-7F68-436A-A254-77BA92E570BF}.AppStore|ARM.Deploy.0 = Release|ARM
		{782A5D64-7F68-436A-A254-77BA92E570BF}.AppStore|iPhone.ActiveCfg = Release|x86
		{782A5D64-7F68-436A-A254-77BA92E570BF}.AppStore|iPhone.Build.0 = Release|x86
		{782A5D64-7F68-436A-A254-77BA92E570BF}.AppStore|iPhone.Deploy.0 = Release|x86
		{782A5D64-7F68-436A-A254-77BA92E570BF}.AppStore|iPhoneSimulator.ActiveCfg = Release|x86
		{782A5D64-7F68-436A-A254-77BA92E570BF}.AppStore|iPhoneSimulator.Build.0 = Release|x86
		{782A5D64-7F68-436A-A254-77BA92E570BF}.AppStore|iPhoneSimulator.Deploy.0 = Release|x86
		{782A5D64-7F68-436A-A254-77BA92E570BF}.AppStore|x64.ActiveCfg = Release|x64
		{782A5D64-7F68-436A-A254-77BA92E570BF}.AppStore|x64.Build.0 = Release|x64
		{782A5D64-7F68-436A-A254-77BA92E570BF}.AppStore|x64.Deploy.0 = Release|x64
		{782A5D64-7F68-436A-A254-77BA92E570BF}.AppStore|x86.ActiveCfg = Release|x86
		{782A5D64-7F68-436A-A254-77BA92E570BF}.AppStore|x86.Build.0 = Release|x86
		{782A5D64-7F68-436A-A254-77BA92E570BF}.AppStore|x86.Deploy.0 = Release|x86
		{782A5D64-7F68-436A-A254-77BA92E570BF}.Debug|Any CPU.ActiveCfg = Debug|x86
		{782A5D64-7F68-436A-A254-77BA92E570BF}.Debug|ARM.ActiveCfg = Debug|ARM
		{782A5D64-7F68-436A-A254-77BA92E570BF}.Debug|ARM.Build.0 = Debug|ARM
		{782A5D64-7F68-436A-A254-77BA92E570BF}.Debug|ARM.Deploy.0 = Debug|ARM
		{782A5D64-7F68-436A-A254-77BA92E570BF}.Debug|iPhone.ActiveCfg = Debug|x86
		{782A5D64-7F68-436A-A254-77BA92E570BF}.Debug|iPhoneSimulator.ActiveCfg = Debug|x86
		{782A5D64-7F68-436A-A254-77BA92E570BF}.Debug|x64.ActiveCfg = Debug|x64
		{782A5D64-7F68-436A-A254-77BA92E570BF}.Debug|x64.Build.0 = Debug|x64
		{782A5D64-7F68-436A-A254-77BA92E570BF}.Debug|x64.Deploy.0 = Debug|x64
		{782A5D64-7F68-436A-A254-77BA92E570BF}.Debug|x86.ActiveCfg = Debug|x86
		{782A5D64-7F68-436A-A254-77BA92E570BF}.Debug|x86.Build.0 = Debug|x86
		{782A5D64-7F68-436A-A254-77BA92E570BF}.Debug|x86.Deploy.0 = Debug|x86
		{782A5D64-7F68-436A-A254-77BA92E570BF}.Release|Any CPU.ActiveCfg = Release|x86
		{782A5D64-7F68-436A-A254-77BA92E570BF}.Release|ARM.ActiveCfg = Release|ARM
		{782A5D64-7F68-436A-A254-77BA92E570BF}.Release|ARM.Build.0 = Release|ARM
		{782A5D64-7F68-436A-A254-77BA92E570BF}.Release|ARM.Deploy.0 = Release|ARM
		{782A5D64-7F68-436A-A254-77BA92E570BF}.Release|iPhone.ActiveCfg = Release|x86
		{782A5D64-7F68-436A-A254-77BA92E570BF}.Release|iPhoneSimulator.ActiveCfg = Release|x86
		{782A5D64-7F68-436A-A254-77BA92E570BF}.Release|x64.ActiveCfg = Release|x64
		{782A5D64-7F68-436A-A254-77BA92E570BF}.Release|x64.Build.0 = Release|x64
		{782A5D64-7F68-436A-A254-77BA92E570BF}.Release|x64.Deploy.0 = Release|x64
		{782A5D64-7F68-436A-A254-77BA92E570BF}.Release|x86.ActiveCfg = Release|x86
		{782A5D64-7F68-436A-A254-77BA92E570BF}.Release|x86.Build.0 = Release|x86
		{782A5D64-7F68-436A-A254-77BA92E570BF}.Release|x86.Deploy.0 = Release|x86
		{FAF65C4F-2C2E-46DF-817B-959007C0873E}.Ad-Hoc|Any CPU.ActiveCfg = Ad-Hoc|iPhone
		{FAF65C4F-2C2E-46DF-817B-959007C0873E}.Ad-Hoc|ARM.ActiveCfg = Ad-Hoc|iPhone
		{FAF65C4F-2C2E-46DF-817B-959007C0873E}.Ad-Hoc|iPhone.ActiveCfg = Ad-Hoc|iPhone
		{FAF65C4F-2C2E-46DF-817B-959007C0873E}.Ad-Hoc|iPhone.Build.0 = Ad-Hoc|iPhone
		{FAF65C4F-2C2E-46DF-817B-959007C0873E}.Ad-Hoc|iPhoneSimulator.ActiveCfg = Ad-Hoc|iPhoneSimulator
		{FAF65C4F-2C2E-46DF-817B-959007C0873E}.Ad-Hoc|iPhoneSimulator.Build.0 = Ad-Hoc|iPhoneSimulator
		{FAF65C4F-2C2E-46DF-817B-959007C0873E}.Ad-Hoc|x64.ActiveCfg = Ad-Hoc|iPhone
		{FAF65C4F-2C2E-46DF-817B-959007C0873E}.Ad-Hoc|x86.ActiveCfg = Ad-Hoc|iPhone
		{FAF65C4F-2C2E-46DF-817B-959007C0873E}.AppStore|Any CPU.ActiveCfg = AppStore|iPhone
		{FAF65C4F-2C2E-46DF-817B-959007C0873E}.AppStore|ARM.ActiveCfg = AppStore|iPhone
		{FAF65C4F-2C2E-46DF-817B-959007C0873E}.AppStore|iPhone.ActiveCfg = AppStore|iPhone
		{FAF65C4F-2C2E-46DF-817B-959007C0873E}.AppStore|iPhone.Build.0 = AppStore|iPhone
		{FAF65C4F-2C2E-46DF-817B-959007C0873E}.AppStore|iPhoneSimulator.ActiveCfg = AppStore|iPhoneSimulator
		{FAF65C4F-2C2E-46DF-817B-959007C0873E}.AppStore|iPhoneSimulator.Build.0 = AppStore|iPhoneSimulator
		{FAF65C4F-2C2E-46DF-817B-959007C0873E}.AppStore|x64.ActiveCfg = AppStore|iPhone
		{FAF65C4F-2C2E-46DF-817B-959007C0873E}.AppStore|x86.ActiveCfg = AppStore|iPhone
		{FAF65C4F-2C2E-46DF-817B-959007C0873E}.Debug|Any CPU.ActiveCfg = Debug|iPhone
		{FAF65C4F-2C2E-46DF-817B-959007C0873E}.Debug|ARM.ActiveCfg = Debug|iPhone
		{FAF65C4F-2C2E-46DF-817B-959007C0873E}.Debug|iPhone.ActiveCfg = Debug|iPhone
		{FAF65C4F-2C2E-46DF-817B-959007C0873E}.Debug|iPhone.Build.0 = Debug|iPhone
		{FAF65C4F-2C2E-46DF-817B-959007C0873E}.Debug|iPhoneSimulator.ActiveCfg = Debug|iPhoneSimulator
		{FAF65C4F-2C2E-46DF-817B-959007C0873E}.Debug|iPhoneSimulator.Build.0 = Debug|iPhoneSimulator
		{FAF65C4F-2C2E-46DF-817B-959007C0873E}.Debug|x64.ActiveCfg = Debug|iPhone
		{FAF65C4F-2C2E-46DF-817B-959007C0873E}.Debug|x86.ActiveCfg = Debug|iPhone
		{FAF65C4F-2C2E-46DF-817B-959007C0873E}.Release|Any CPU.ActiveCfg = Release|iPhone
		{FAF65C4F-2C2E-46DF-817B-959007C0873E}.Release|ARM.ActiveCfg = Release|iPhone
		{FAF65C4F-2C2E-46DF-817B-959007C0873E}.Release|iPhone.ActiveCfg = Release|iPhone
		{FAF65C4F-2C2E-46DF-817B-959007C0873E}.Release|iPhone.Build.0 = Release|iPhone
		{FAF65C4F-2C2E-46DF-817B-959007C0873E}.Release|iPhoneSimulator.ActiveCfg = Release|iPhoneSimulator
		{FAF65C4F-2C2E-46DF-817B-959007C0873E}.Release|iPhoneSimulator.Build.0 = Release|iPhoneSimulator
		{FAF65C4F-2C2E-46DF-817B-959007C0873E}.Release|x64.ActiveCfg = Release|iPhone
		{FAF65C4F-2C2E-46DF-817B-959007C0873E}.Release|x86.ActiveCfg = Release|iPhone
		{972604C9-3D6C-4D68-957F-5F7443DDD459}.Ad-Hoc|Any CPU.ActiveCfg = Release|Any CPU
		{972604C9-3D6C-4D68-957F-5F7443DDD459}.Ad-Hoc|Any CPU.Build.0 = Release|Any CPU
		{972604C9-3D6C-4D68-957F-5F7443DDD459}.Ad-Hoc|ARM.ActiveCfg = Release|Any CPU
		{972604C9-3D6C-4D68-957F-5F7443DDD459}.Ad-Hoc|ARM.Build.0 = Release|Any CPU
		{972604C9-3D6C-4D68-957F-5F7443DDD459}.Ad-Hoc|iPhone.ActiveCfg = Release|Any CPU
		{972604C9-3D6C-4D68-957F-5F7443DDD459}.Ad-Hoc|iPhone.Build.0 = Release|Any CPU
		{972604C9-3D6C-4D68-957F-5F7443DDD459}.Ad-Hoc|iPhoneSimulator.ActiveCfg = Release|Any CPU
		{972604C9-3D6C-4D68-957F-5F7443DDD459}.Ad-Hoc|iPhoneSimulator.Build.0 = Release|Any CPU
		{972604C9-3D6C-4D68-957F-5F7443DDD459}.Ad-Hoc|x64.ActiveCfg = Release|Any CPU
		{972604C9-3D6C-4D68-957F-5F7443DDD459}.Ad-Hoc|x64.Build.0 = Release|Any CPU
		{972604C9-3D6C-4D68-957F-5F7443DDD459}.Ad-Hoc|x86.ActiveCfg = Release|Any CPU
		{972604C9-3D6C-4D68-957F-5F7443DDD459}.Ad-Hoc|x86.Build.0 = Release|Any CPU
		{972604C9-3D6C-4D68-957F-5F7443DDD459}.AppStore|Any CPU.ActiveCfg = Release|Any CPU
		{972604C9-3D6C-4D68-957F-5F7443DDD459}.AppStore|Any CPU.Build.0 = Release|Any CPU
		{972604C9-3D6C-4D68-957F-5F7443DDD459}.AppStore|ARM.ActiveCfg = Release|Any CPU
		{972604C9-3D6C-4D68-957F-5F7443DDD459}.AppStore|ARM.Build.0 = Release|Any CPU
		{972604C9-3D6C-4D68-957F-5F7443DDD459}.AppStore|iPhone.ActiveCfg = Release|Any CPU
		{972604C9-3D6C-4D68-957F-5F7443DDD459}.AppStore|iPhone.Build.0 = Release|Any CPU
		{972604C9-3D6C-4D68-957F-5F7443DDD459}.AppStore|iPhoneSimulator.ActiveCfg = Release|Any CPU
		{972604C9-3D6C-4D68-957F-5F7443DDD459}.AppStore|iPhoneSimulator.Build.0 = Release|Any CPU
		{972604C9-3D6C-4D68-957F-5F7443DDD459}.AppStore|x64.ActiveCfg = Release|Any CPU
		{972604C9-3D6C-4D68-957F-5F7443DDD459}.AppStore|x64.Build.0 = Release|Any CPU
		{972604C9-3D6C-4D68-957F-5F7443DDD459}.AppStore|x86.ActiveCfg = Release|Any CPU
		{972604C9-3D6C-4D68-957F-5F7443DDD459}.AppStore|x86.Build.0 = Release|Any CPU
		{972604C9-3D6C-4D68-957F-5F7443DDD459}.Debug|Any CPU.ActiveCfg = Debug|Any CPU
		{972604C9-3D6C-4D68-957F-5F7443DDD459}.Debug|Any CPU.Build.0 = Debug|Any CPU
		{972604C9-3D6C-4D68-957F-5F7443DDD459}.Debug|ARM.ActiveCfg = Debug|Any CPU
		{972604C9-3D6C-4D68-957F-5F7443DDD459}.Debug|ARM.Build.0 = Debug|Any CPU
		{972604C9-3D6C-4D68-957F-5F7443DDD459}.Debug|iPhone.ActiveCfg = Debug|Any CPU
		{972604C9-3D6C-4D68-957F-5F7443DDD459}.Debug|iPhone.Build.0 = Debug|Any CPU
		{972604C9-3D6C-4D68-957F-5F7443DDD459}.Debug|iPhoneSimulator.ActiveCfg = Debug|Any CPU
		{972604C9-3D6C-4D68-957F-5F7443DDD459}.Debug|iPhoneSimulator.Build.0 = Debug|Any CPU
		{972604C9-3D6C-4D68-957F-5F7443DDD459}.Debug|x64.ActiveCfg = Debug|Any CPU
		{972604C9-3D6C-4D68-957F-5F7443DDD459}.Debug|x64.Build.0 = Debug|Any CPU
		{972604C9-3D6C-4D68-957F-5F7443DDD459}.Debug|x86.ActiveCfg = Debug|Any CPU
		{972604C9-3D6C-4D68-957F-5F7443DDD459}.Debug|x86.Build.0 = Debug|Any CPU
		{972604C9-3D6C-4D68-957F-5F7443DDD459}.Release|Any CPU.ActiveCfg = Release|Any CPU
		{972604C9-3D6C-4D68-957F-5F7443DDD459}.Release|Any CPU.Build.0 = Release|Any CPU
		{972604C9-3D6C-4D68-957F-5F7443DDD459}.Release|ARM.ActiveCfg = Release|Any CPU
		{972604C9-3D6C-4D68-957F-5F7443DDD459}.Release|ARM.Build.0 = Release|Any CPU
		{972604C9-3D6C-4D68-957F-5F7443DDD459}.Release|iPhone.ActiveCfg = Release|Any CPU
		{972604C9-3D6C-4D68-957F-5F7443DDD459}.Release|iPhone.Build.0 = Release|Any CPU
		{972604C9-3D6C-4D68-957F-5F7443DDD459}.Release|iPhoneSimulator.ActiveCfg = Release|Any CPU
		{972604C9-3D6C-4D68-957F-5F7443DDD459}.Release|iPhoneSimulator.Build.0 = Release|Any CPU
		{972604C9-3D6C-4D68-957F-5F7443DDD459}.Release|x64.ActiveCfg = Release|Any CPU
		{972604C9-3D6C-4D68-957F-5F7443DDD459}.Release|x64.Build.0 = Release|Any CPU
		{972604C9-3D6C-4D68-957F-5F7443DDD459}.Release|x86.ActiveCfg = Release|Any CPU
		{972604C9-3D6C-4D68-957F-5F7443DDD459}.Release|x86.Build.0 = Release|Any CPU
		{599DDFEF-DB39-4C67-A899-95F9AE227FF3}.Ad-Hoc|Any CPU.ActiveCfg = Release|Any CPU
		{599DDFEF-DB39-4C67-A899-95F9AE227FF3}.Ad-Hoc|Any CPU.Build.0 = Release|Any CPU
		{599DDFEF-DB39-4C67-A899-95F9AE227FF3}.Ad-Hoc|ARM.ActiveCfg = Release|Any CPU
		{599DDFEF-DB39-4C67-A899-95F9AE227FF3}.Ad-Hoc|ARM.Build.0 = Release|Any CPU
		{599DDFEF-DB39-4C67-A899-95F9AE227FF3}.Ad-Hoc|iPhone.ActiveCfg = Release|Any CPU
		{599DDFEF-DB39-4C67-A899-95F9AE227FF3}.Ad-Hoc|iPhone.Build.0 = Release|Any CPU
		{599DDFEF-DB39-4C67-A899-95F9AE227FF3}.Ad-Hoc|iPhoneSimulator.ActiveCfg = Release|Any CPU
		{599DDFEF-DB39-4C67-A899-95F9AE227FF3}.Ad-Hoc|iPhoneSimulator.Build.0 = Release|Any CPU
		{599DDFEF-DB39-4C67-A899-95F9AE227FF3}.Ad-Hoc|x64.ActiveCfg = Release|Any CPU
		{599DDFEF-DB39-4C67-A899-95F9AE227FF3}.Ad-Hoc|x64.Build.0 = Release|Any CPU
		{599DDFEF-DB39-4C67-A899-95F9AE227FF3}.Ad-Hoc|x86.ActiveCfg = Release|Any CPU
		{599DDFEF-DB39-4C67-A899-95F9AE227FF3}.Ad-Hoc|x86.Build.0 = Release|Any CPU
		{599DDFEF-DB39-4C67-A899-95F9AE227FF3}.AppStore|Any CPU.ActiveCfg = Release|Any CPU
		{599DDFEF-DB39-4C67-A899-95F9AE227FF3}.AppStore|Any CPU.Build.0 = Release|Any CPU
		{599DDFEF-DB39-4C67-A899-95F9AE227FF3}.AppStore|ARM.ActiveCfg = Release|Any CPU
		{599DDFEF-DB39-4C67-A899-95F9AE227FF3}.AppStore|ARM.Build.0 = Release|Any CPU
		{599DDFEF-DB39-4C67-A899-95F9AE227FF3}.AppStore|iPhone.ActiveCfg = Release|Any CPU
		{599DDFEF-DB39-4C67-A899-95F9AE227FF3}.AppStore|iPhone.Build.0 = Release|Any CPU
		{599DDFEF-DB39-4C67-A899-95F9AE227FF3}.AppStore|iPhoneSimulator.ActiveCfg = Release|Any CPU
		{599DDFEF-DB39-4C67-A899-95F9AE227FF3}.AppStore|iPhoneSimulator.Build.0 = Release|Any CPU
		{599DDFEF-DB39-4C67-A899-95F9AE227FF3}.AppStore|x64.ActiveCfg = Release|Any CPU
		{599DDFEF-DB39-4C67-A899-95F9AE227FF3}.AppStore|x64.Build.0 = Release|Any CPU
		{599DDFEF-DB39-4C67-A899-95F9AE227FF3}.AppStore|x86.ActiveCfg = Release|Any CPU
		{599DDFEF-DB39-4C67-A899-95F9AE227FF3}.AppStore|x86.Build.0 = Release|Any CPU
		{599DDFEF-DB39-4C67-A899-95F9AE227FF3}.Debug|Any CPU.ActiveCfg = Debug|Any CPU
		{599DDFEF-DB39-4C67-A899-95F9AE227FF3}.Debug|Any CPU.Build.0 = Debug|Any CPU
		{599DDFEF-DB39-4C67-A899-95F9AE227FF3}.Debug|ARM.ActiveCfg = Debug|Any CPU
		{599DDFEF-DB39-4C67-A899-95F9AE227FF3}.Debug|ARM.Build.0 = Debug|Any CPU
		{599DDFEF-DB39-4C67-A899-95F9AE227FF3}.Debug|iPhone.ActiveCfg = Debug|Any CPU
		{599DDFEF-DB39-4C67-A899-95F9AE227FF3}.Debug|iPhone.Build.0 = Debug|Any CPU
		{599DDFEF-DB39-4C67-A899-95F9AE227FF3}.Debug|iPhoneSimulator.ActiveCfg = Debug|Any CPU
		{599DDFEF-DB39-4C67-A899-95F9AE227FF3}.Debug|iPhoneSimulator.Build.0 = Debug|Any CPU
		{599DDFEF-DB39-4C67-A899-95F9AE227FF3}.Debug|x64.ActiveCfg = Debug|Any CPU
		{599DDFEF-DB39-4C67-A899-95F9AE227FF3}.Debug|x64.Build.0 = Debug|Any CPU
		{599DDFEF-DB39-4C67-A899-95F9AE227FF3}.Debug|x86.ActiveCfg = Debug|Any CPU
		{599DDFEF-DB39-4C67-A899-95F9AE227FF3}.Debug|x86.Build.0 = Debug|Any CPU
		{599DDFEF-DB39-4C67-A899-95F9AE227FF3}.Release|Any CPU.ActiveCfg = Release|Any CPU
		{599DDFEF-DB39-4C67-A899-95F9AE227FF3}.Release|Any CPU.Build.0 = Release|Any CPU
		{599DDFEF-DB39-4C67-A899-95F9AE227FF3}.Release|ARM.ActiveCfg = Release|Any CPU
		{599DDFEF-DB39-4C67-A899-95F9AE227FF3}.Release|ARM.Build.0 = Release|Any CPU
		{599DDFEF-DB39-4C67-A899-95F9AE227FF3}.Release|iPhone.ActiveCfg = Release|Any CPU
		{599DDFEF-DB39-4C67-A899-95F9AE227FF3}.Release|iPhone.Build.0 = Release|Any CPU
		{599DDFEF-DB39-4C67-A899-95F9AE227FF3}.Release|iPhoneSimulator.ActiveCfg = Release|Any CPU
		{599DDFEF-DB39-4C67-A899-95F9AE227FF3}.Release|iPhoneSimulator.Build.0 = Release|Any CPU
		{599DDFEF-DB39-4C67-A899-95F9AE227FF3}.Release|x64.ActiveCfg = Release|Any CPU
		{599DDFEF-DB39-4C67-A899-95F9AE227FF3}.Release|x64.Build.0 = Release|Any CPU
		{599DDFEF-DB39-4C67-A899-95F9AE227FF3}.Release|x86.ActiveCfg = Release|Any CPU
		{599DDFEF-DB39-4C67-A899-95F9AE227FF3}.Release|x86.Build.0 = Release|Any CPU
		{96F3ED12-E5C6-4E2C-899F-ECC8F0296FDF}.Ad-Hoc|Any CPU.ActiveCfg = Release|Any CPU
		{96F3ED12-E5C6-4E2C-899F-ECC8F0296FDF}.Ad-Hoc|Any CPU.Build.0 = Release|Any CPU
		{96F3ED12-E5C6-4E2C-899F-ECC8F0296FDF}.Ad-Hoc|ARM.ActiveCfg = Release|Any CPU
		{96F3ED12-E5C6-4E2C-899F-ECC8F0296FDF}.Ad-Hoc|ARM.Build.0 = Release|Any CPU
		{96F3ED12-E5C6-4E2C-899F-ECC8F0296FDF}.Ad-Hoc|iPhone.ActiveCfg = Release|Any CPU
		{96F3ED12-E5C6-4E2C-899F-ECC8F0296FDF}.Ad-Hoc|iPhone.Build.0 = Release|Any CPU
		{96F3ED12-E5C6-4E2C-899F-ECC8F0296FDF}.Ad-Hoc|iPhoneSimulator.ActiveCfg = Release|Any CPU
		{96F3ED12-E5C6-4E2C-899F-ECC8F0296FDF}.Ad-Hoc|iPhoneSimulator.Build.0 = Release|Any CPU
		{96F3ED12-E5C6-4E2C-899F-ECC8F0296FDF}.Ad-Hoc|x64.ActiveCfg = Release|Any CPU
		{96F3ED12-E5C6-4E2C-899F-ECC8F0296FDF}.Ad-Hoc|x64.Build.0 = Release|Any CPU
		{96F3ED12-E5C6-4E2C-899F-ECC8F0296FDF}.Ad-Hoc|x86.ActiveCfg = Release|Any CPU
		{96F3ED12-E5C6-4E2C-899F-ECC8F0296FDF}.Ad-Hoc|x86.Build.0 = Release|Any CPU
		{96F3ED12-E5C6-4E2C-899F-ECC8F0296FDF}.AppStore|Any CPU.ActiveCfg = Release|Any CPU
		{96F3ED12-E5C6-4E2C-899F-ECC8F0296FDF}.AppStore|Any CPU.Build.0 = Release|Any CPU
		{96F3ED12-E5C6-4E2C-899F-ECC8F0296FDF}.AppStore|ARM.ActiveCfg = Release|Any CPU
		{96F3ED12-E5C6-4E2C-899F-ECC8F0296FDF}.AppStore|ARM.Build.0 = Release|Any CPU
		{96F3ED12-E5C6-4E2C-899F-ECC8F0296FDF}.AppStore|iPhone.ActiveCfg = Release|Any CPU
		{96F3ED12-E5C6-4E2C-899F-ECC8F0296FDF}.AppStore|iPhone.Build.0 = Release|Any CPU
		{96F3ED12-E5C6-4E2C-899F-ECC8F0296FDF}.AppStore|iPhoneSimulator.ActiveCfg = Release|Any CPU
		{96F3ED12-E5C6-4E2C-899F-ECC8F0296FDF}.AppStore|iPhoneSimulator.Build.0 = Release|Any CPU
		{96F3ED12-E5C6-4E2C-899F-ECC8F0296FDF}.AppStore|x64.ActiveCfg = Release|Any CPU
		{96F3ED12-E5C6-4E2C-899F-ECC8F0296FDF}.AppStore|x64.Build.0 = Release|Any CPU
		{96F3ED12-E5C6-4E2C-899F-ECC8F0296FDF}.AppStore|x86.ActiveCfg = Release|Any CPU
		{96F3ED12-E5C6-4E2C-899F-ECC8F0296FDF}.AppStore|x86.Build.0 = Release|Any CPU
		{96F3ED12-E5C6-4E2C-899F-ECC8F0296FDF}.Debug|Any CPU.ActiveCfg = Debug|Any CPU
		{96F3ED12-E5C6-4E2C-899F-ECC8F0296FDF}.Debug|Any CPU.Build.0 = Debug|Any CPU
		{96F3ED12-E5C6-4E2C-899F-ECC8F0296FDF}.Debug|ARM.ActiveCfg = Debug|Any CPU
		{96F3ED12-E5C6-4E2C-899F-ECC8F0296FDF}.Debug|ARM.Build.0 = Debug|Any CPU
		{96F3ED12-E5C6-4E2C-899F-ECC8F0296FDF}.Debug|iPhone.ActiveCfg = Debug|Any CPU
		{96F3ED12-E5C6-4E2C-899F-ECC8F0296FDF}.Debug|iPhone.Build.0 = Debug|Any CPU
		{96F3ED12-E5C6-4E2C-899F-ECC8F0296FDF}.Debug|iPhoneSimulator.ActiveCfg = Debug|Any CPU
		{96F3ED12-E5C6-4E2C-899F-ECC8F0296FDF}.Debug|iPhoneSimulator.Build.0 = Debug|Any CPU
		{96F3ED12-E5C6-4E2C-899F-ECC8F0296FDF}.Debug|x64.ActiveCfg = Debug|Any CPU
		{96F3ED12-E5C6-4E2C-899F-ECC8F0296FDF}.Debug|x64.Build.0 = Debug|Any CPU
		{96F3ED12-E5C6-4E2C-899F-ECC8F0296FDF}.Debug|x86.ActiveCfg = Debug|Any CPU
		{96F3ED12-E5C6-4E2C-899F-ECC8F0296FDF}.Debug|x86.Build.0 = Debug|Any CPU
		{96F3ED12-E5C6-4E2C-899F-ECC8F0296FDF}.Release|Any CPU.ActiveCfg = Release|Any CPU
		{96F3ED12-E5C6-4E2C-899F-ECC8F0296FDF}.Release|Any CPU.Build.0 = Release|Any CPU
		{96F3ED12-E5C6-4E2C-899F-ECC8F0296FDF}.Release|ARM.ActiveCfg = Release|Any CPU
		{96F3ED12-E5C6-4E2C-899F-ECC8F0296FDF}.Release|ARM.Build.0 = Release|Any CPU
		{96F3ED12-E5C6-4E2C-899F-ECC8F0296FDF}.Release|iPhone.ActiveCfg = Release|Any CPU
		{96F3ED12-E5C6-4E2C-899F-ECC8F0296FDF}.Release|iPhone.Build.0 = Release|Any CPU
		{96F3ED12-E5C6-4E2C-899F-ECC8F0296FDF}.Release|iPhoneSimulator.ActiveCfg = Release|Any CPU
		{96F3ED12-E5C6-4E2C-899F-ECC8F0296FDF}.Release|iPhoneSimulator.Build.0 = Release|Any CPU
		{96F3ED12-E5C6-4E2C-899F-ECC8F0296FDF}.Release|x64.ActiveCfg = Release|Any CPU
		{96F3ED12-E5C6-4E2C-899F-ECC8F0296FDF}.Release|x64.Build.0 = Release|Any CPU
		{96F3ED12-E5C6-4E2C-899F-ECC8F0296FDF}.Release|x86.ActiveCfg = Release|Any CPU
		{96F3ED12-E5C6-4E2C-899F-ECC8F0296FDF}.Release|x86.Build.0 = Release|Any CPU
	EndGlobalSection
	GlobalSection(SolutionProperties) = preSolution
		HideSolutionNode = FALSE
	EndGlobalSection
	GlobalSection(ExtensibilityGlobals) = postSolution
		SolutionGuid = {6B992EEE-F36D-43D6-8EF2-89E644756EA5}
	EndGlobalSection
EndGlobal
